
Microsoft Visual Studio Solution File, Format Version 12.00
# Visual Studio Version 17
VisualStudioVersion = 17.12.35527.113 d17.12
MinimumVisualStudioVersion = 10.0.40219.1
Project("{FAE04EC0-301F-11D3-BF4B-00C04F79EFBC}") = "Mercado_Trabalho", "Mercado_Trabalho\Mercado_Trabalho.csproj", "{0F4A81F5-9193-443A-B46B-F5FB56718F69}"
EndProject
Project("{2150E333-8FDC-42A3-9474-1A3956D46DE8}") = "Solution Items", "Solution Items", "{870C7B9F-331B-4A51-A215-F4923AD4035C}"
	ProjectSection(SolutionItems) = preProject
		.editorconfig = .editorconfig
	EndProjectSection
EndProject
Global
	GlobalSection(SolutionConfigurationPlatforms) = preSolution
		Debug|Any CPU = Debug|Any CPU
		Release|Any CPU = Release|Any CPU
	EndGlobalSection
	GlobalSection(ProjectConfigurationPlatforms) = postSolution
		{0F4A81F5-9193-443A-B46B-F5FB56718F69}.Debug|Any CPU.ActiveCfg = Debug|Any CPU
		{0F4A81F5-9193-443A-B46B-F5FB56718F69}.Debug|Any CPU.Build.0 = Debug|Any CPU
		{0F4A81F5-9193-443A-B46B-F5FB56718F69}.Release|Any CPU.ActiveCfg = Release|Any CPU
		{0F4A81F5-9193-443A-B46B-F5FB56718F69}.Release|Any CPU.Build.0 = Release|Any CPU
	EndGlobalSection
	GlobalSection(SolutionProperties) = preSolution
		HideSolutionNode = FALSE
	EndGlobalSection
EndGlobal
